// !$*UTF8*$!
{
	archiveVersion = 1;
	classes = {
	};
	objectVersion = 56;
	objects = {

/* Begin PBXBuildFile section */
		324E1EB12B06793400E57028 /* PresentationView.swift in Sources */ = {isa = PBXBuildFile; fileRef = 324E1EB02B06793400E57028 /* PresentationView.swift */; };
		324E1EB62B067AC300E57028 /* ActivityTitlePresentationView.swift in Sources */ = {isa = PBXBuildFile; fileRef = 324E1EB52B067AC300E57028 /* ActivityTitlePresentationView.swift */; };
		324E1EB82B067BC900E57028 /* SectionPresentationView.swift in Sources */ = {isa = PBXBuildFile; fileRef = 324E1EB72B067BC900E57028 /* SectionPresentationView.swift */; };
		324E1EBA2B067C9500E57028 /* PointersPresentationView.swift in Sources */ = {isa = PBXBuildFile; fileRef = 324E1EB92B067C9500E57028 /* PointersPresentationView.swift */; };
		324E1EBC2B067E7600E57028 /* StatementPresentationView.swift in Sources */ = {isa = PBXBuildFile; fileRef = 324E1EBB2B067E7600E57028 /* StatementPresentationView.swift */; };
		324E1EBE2B067F6600E57028 /* WelcomeActivityScene.swift in Sources */ = {isa = PBXBuildFile; fileRef = 324E1EBD2B067F6600E57028 /* WelcomeActivityScene.swift */; };
		324E1EC02B068C4200E57028 /* ImagePresentationView.swift in Sources */ = {isa = PBXBuildFile; fileRef = 324E1EBF2B068C4200E57028 /* ImagePresentationView.swift */; };
		324E1EC32B06944200E57028 /* ActivitySceneDashboardItemButton.swift in Sources */ = {isa = PBXBuildFile; fileRef = 324E1EC22B06944200E57028 /* ActivitySceneDashboardItemButton.swift */; };
		324E1EC52B06ADC600E57028 /* TimerPresentationView.swift in Sources */ = {isa = PBXBuildFile; fileRef = 324E1EC42B06ADC600E57028 /* TimerPresentationView.swift */; };
		324E1EC72B06B69E00E57028 /* WordsPresentationView.swift in Sources */ = {isa = PBXBuildFile; fileRef = 324E1EC62B06B69E00E57028 /* WordsPresentationView.swift */; };
		324E1ECA2B06B84300E57028 /* Algorithms in Frameworks */ = {isa = PBXBuildFile; productRef = 324E1EC92B06B84300E57028 /* Algorithms */; };
		324E1ECC2B06BF2D00E57028 /* FlagRaisingLeaderboardPresentationView.swift in Sources */ = {isa = PBXBuildFile; fileRef = 324E1ECB2B06BF2D00E57028 /* FlagRaisingLeaderboardPresentationView.swift */; };
		324E1ECE2B06EFAA00E57028 /* ReviewPresentationView.swift in Sources */ = {isa = PBXBuildFile; fileRef = 324E1ECD2B06EFAA00E57028 /* ReviewPresentationView.swift */; };
		324E1ED02B06F25800E57028 /* ReviewPresentationGroupView.swift in Sources */ = {isa = PBXBuildFile; fileRef = 324E1ECF2B06F25800E57028 /* ReviewPresentationGroupView.swift */; };
		327129BC2B0255BA001CE562 /* DiscordAuth in Frameworks */ = {isa = PBXBuildFile; productRef = 327129BB2B0255BA001CE562 /* DiscordAuth */; };
		327129BE2B0255BA001CE562 /* DiscordBM in Frameworks */ = {isa = PBXBuildFile; productRef = 327129BD2B0255BA001CE562 /* DiscordBM */; };
		327129C02B0255BA001CE562 /* DiscordCore in Frameworks */ = {isa = PBXBuildFile; productRef = 327129BF2B0255BA001CE562 /* DiscordCore */; };
		327129C22B0255BA001CE562 /* DiscordGateway in Frameworks */ = {isa = PBXBuildFile; productRef = 327129C12B0255BA001CE562 /* DiscordGateway */; };
		327129C42B0255BA001CE562 /* DiscordHTTP in Frameworks */ = {isa = PBXBuildFile; productRef = 327129C32B0255BA001CE562 /* DiscordHTTP */; };
		327129C62B0255BA001CE562 /* DiscordModels in Frameworks */ = {isa = PBXBuildFile; productRef = 327129C52B0255BA001CE562 /* DiscordModels */; };
		327129C82B0255BA001CE562 /* DiscordUtilities in Frameworks */ = {isa = PBXBuildFile; productRef = 327129C72B0255BA001CE562 /* DiscordUtilities */; };
		327129CA2B0255D5001CE562 /* Discord.plist in Resources */ = {isa = PBXBuildFile; fileRef = 327129C92B0255D5001CE562 /* Discord.plist */; };
		327129CC2B025614001CE562 /* DiscordManager.swift in Sources */ = {isa = PBXBuildFile; fileRef = 327129CB2B025614001CE562 /* DiscordManager.swift */; };
		327129CE2B025826001CE562 /* DiscordInfo.swift in Sources */ = {isa = PBXBuildFile; fileRef = 327129CD2B025826001CE562 /* DiscordInfo.swift */; };
		327129D02B025CBE001CE562 /* DiscordManager+SlashCommands.swift in Sources */ = {isa = PBXBuildFile; fileRef = 327129CF2B025CBE001CE562 /* DiscordManager+SlashCommands.swift */; };
		327129D22B03DADC001CE562 /* ActivityScene.swift in Sources */ = {isa = PBXBuildFile; fileRef = 327129D12B03DADC001CE562 /* ActivityScene.swift */; };
		327129D42B03DC43001CE562 /* FlagCreationActivityScene.swift in Sources */ = {isa = PBXBuildFile; fileRef = 327129D32B03DC43001CE562 /* FlagCreationActivityScene.swift */; };
		327129D62B03DC82001CE562 /* AppIdeaActivityScene.swift in Sources */ = {isa = PBXBuildFile; fileRef = 327129D52B03DC82001CE562 /* AppIdeaActivityScene.swift */; };
		327129D82B03DCD7001CE562 /* TriviaActivityScene.swift in Sources */ = {isa = PBXBuildFile; fileRef = 327129D72B03DCD7001CE562 /* TriviaActivityScene.swift */; };
		327129DA2B03E794001CE562 /* ActivitySceneDashboardView.swift in Sources */ = {isa = PBXBuildFile; fileRef = 327129D92B03E794001CE562 /* ActivitySceneDashboardView.swift */; };
		327129DC2B03E8D1001CE562 /* SceneState.swift in Sources */ = {isa = PBXBuildFile; fileRef = 327129DB2B03E8D1001CE562 /* SceneState.swift */; };
		32F84EAC2B01E6D00068BFE6 /* sacc_activityApp.swift in Sources */ = {isa = PBXBuildFile; fileRef = 32F84EAB2B01E6D00068BFE6 /* sacc_activityApp.swift */; };
		32F84EAE2B01E6D00068BFE6 /* DashboardView.swift in Sources */ = {isa = PBXBuildFile; fileRef = 32F84EAD2B01E6D00068BFE6 /* DashboardView.swift */; };
		32F84EB02B01E6D10068BFE6 /* Assets.xcassets in Resources */ = {isa = PBXBuildFile; fileRef = 32F84EAF2B01E6D10068BFE6 /* Assets.xcassets */; };
		32F84EB32B01E6D10068BFE6 /* Preview Assets.xcassets in Resources */ = {isa = PBXBuildFile; fileRef = 32F84EB22B01E6D10068BFE6 /* Preview Assets.xcassets */; };
/* End PBXBuildFile section */

/* Begin PBXFileReference section */
		324E1EB02B06793400E57028 /* PresentationView.swift */ = {isa = PBXFileReference; lastKnownFileType = sourcecode.swift; path = PresentationView.swift; sourceTree = "<group>"; };
		324E1EB52B067AC300E57028 /* ActivityTitlePresentationView.swift */ = {isa = PBXFileReference; lastKnownFileType = sourcecode.swift; path = ActivityTitlePresentationView.swift; sourceTree = "<group>"; };
		324E1EB72B067BC900E57028 /* SectionPresentationView.swift */ = {isa = PBXFileReference; lastKnownFileType = sourcecode.swift; path = SectionPresentationView.swift; sourceTree = "<group>"; };
		324E1EB92B067C9500E57028 /* PointersPresentationView.swift */ = {isa = PBXFileReference; lastKnownFileType = sourcecode.swift; path = PointersPresentationView.swift; sourceTree = "<group>"; };
		324E1EBB2B067E7600E57028 /* StatementPresentationView.swift */ = {isa = PBXFileReference; lastKnownFileType = sourcecode.swift; path = StatementPresentationView.swift; sourceTree = "<group>"; };
		324E1EBD2B067F6600E57028 /* WelcomeActivityScene.swift */ = {isa = PBXFileReference; lastKnownFileType = sourcecode.swift; path = WelcomeActivityScene.swift; sourceTree = "<group>"; };
		324E1EBF2B068C4200E57028 /* ImagePresentationView.swift */ = {isa = PBXFileReference; lastKnownFileType = sourcecode.swift; path = ImagePresentationView.swift; sourceTree = "<group>"; };
		324E1EC22B06944200E57028 /* ActivitySceneDashboardItemButton.swift */ = {isa = PBXFileReference; lastKnownFileType = sourcecode.swift; path = ActivitySceneDashboardItemButton.swift; sourceTree = "<group>"; };
		324E1EC42B06ADC600E57028 /* TimerPresentationView.swift */ = {isa = PBXFileReference; lastKnownFileType = sourcecode.swift; path = TimerPresentationView.swift; sourceTree = "<group>"; };
		324E1EC62B06B69E00E57028 /* WordsPresentationView.swift */ = {isa = PBXFileReference; lastKnownFileType = sourcecode.swift; path = WordsPresentationView.swift; sourceTree = "<group>"; };
		324E1ECB2B06BF2D00E57028 /* FlagRaisingLeaderboardPresentationView.swift */ = {isa = PBXFileReference; lastKnownFileType = sourcecode.swift; path = FlagRaisingLeaderboardPresentationView.swift; sourceTree = "<group>"; };
		324E1ECD2B06EFAA00E57028 /* ReviewPresentationView.swift */ = {isa = PBXFileReference; lastKnownFileType = sourcecode.swift; path = ReviewPresentationView.swift; sourceTree = "<group>"; };
		324E1ECF2B06F25800E57028 /* ReviewPresentationGroupView.swift */ = {isa = PBXFileReference; lastKnownFileType = sourcecode.swift; path = ReviewPresentationGroupView.swift; sourceTree = "<group>"; };
		327129C92B0255D5001CE562 /* Discord.plist */ = {isa = PBXFileReference; lastKnownFileType = text.plist.xml; path = Discord.plist; sourceTree = "<group>"; };
		327129CB2B025614001CE562 /* DiscordManager.swift */ = {isa = PBXFileReference; lastKnownFileType = sourcecode.swift; path = DiscordManager.swift; sourceTree = "<group>"; };
		327129CD2B025826001CE562 /* DiscordInfo.swift */ = {isa = PBXFileReference; lastKnownFileType = sourcecode.swift; path = DiscordInfo.swift; sourceTree = "<group>"; };
		327129CF2B025CBE001CE562 /* DiscordManager+SlashCommands.swift */ = {isa = PBXFileReference; lastKnownFileType = sourcecode.swift; path = "DiscordManager+SlashCommands.swift"; sourceTree = "<group>"; };
		327129D12B03DADC001CE562 /* ActivityScene.swift */ = {isa = PBXFileReference; lastKnownFileType = sourcecode.swift; path = ActivityScene.swift; sourceTree = "<group>"; };
		327129D32B03DC43001CE562 /* FlagCreationActivityScene.swift */ = {isa = PBXFileReference; lastKnownFileType = sourcecode.swift; path = FlagCreationActivityScene.swift; sourceTree = "<group>"; };
		327129D52B03DC82001CE562 /* AppIdeaActivityScene.swift */ = {isa = PBXFileReference; lastKnownFileType = sourcecode.swift; path = AppIdeaActivityScene.swift; sourceTree = "<group>"; };
		327129D72B03DCD7001CE562 /* TriviaActivityScene.swift */ = {isa = PBXFileReference; lastKnownFileType = sourcecode.swift; path = TriviaActivityScene.swift; sourceTree = "<group>"; };
		327129D92B03E794001CE562 /* ActivitySceneDashboardView.swift */ = {isa = PBXFileReference; lastKnownFileType = sourcecode.swift; path = ActivitySceneDashboardView.swift; sourceTree = "<group>"; };
		327129DB2B03E8D1001CE562 /* SceneState.swift */ = {isa = PBXFileReference; lastKnownFileType = sourcecode.swift; path = SceneState.swift; sourceTree = "<group>"; };
		32F84EA82B01E6D00068BFE6 /* sacc-activity.app */ = {isa = PBXFileReference; explicitFileType = wrapper.application; includeInIndex = 0; path = "sacc-activity.app"; sourceTree = BUILT_PRODUCTS_DIR; };
		32F84EAB2B01E6D00068BFE6 /* sacc_activityApp.swift */ = {isa = PBXFileReference; lastKnownFileType = sourcecode.swift; path = sacc_activityApp.swift; sourceTree = "<group>"; };
		32F84EAD2B01E6D00068BFE6 /* DashboardView.swift */ = {isa = PBXFileReference; lastKnownFileType = sourcecode.swift; path = DashboardView.swift; sourceTree = "<group>"; };
		32F84EAF2B01E6D10068BFE6 /* Assets.xcassets */ = {isa = PBXFileReference; lastKnownFileType = folder.assetcatalog; path = Assets.xcassets; sourceTree = "<group>"; };
		32F84EB22B01E6D10068BFE6 /* Preview Assets.xcassets */ = {isa = PBXFileReference; lastKnownFileType = folder.assetcatalog; path = "Preview Assets.xcassets"; sourceTree = "<group>"; };
		32F84EB42B01E6D10068BFE6 /* sacc_activity.entitlements */ = {isa = PBXFileReference; lastKnownFileType = text.plist.entitlements; path = sacc_activity.entitlements; sourceTree = "<group>"; };
/* End PBXFileReference section */

/* Begin PBXFrameworksBuildPhase section */
		32F84EA52B01E6D00068BFE6 /* Frameworks */ = {
			isa = PBXFrameworksBuildPhase;
			buildActionMask = 2147483647;
			files = (
				327129C42B0255BA001CE562 /* DiscordHTTP in Frameworks */,
				327129C82B0255BA001CE562 /* DiscordUtilities in Frameworks */,
				327129C62B0255BA001CE562 /* DiscordModels in Frameworks */,
				327129C22B0255BA001CE562 /* DiscordGateway in Frameworks */,
				324E1ECA2B06B84300E57028 /* Algorithms in Frameworks */,
				327129C02B0255BA001CE562 /* DiscordCore in Frameworks */,
				327129BE2B0255BA001CE562 /* DiscordBM in Frameworks */,
				327129BC2B0255BA001CE562 /* DiscordAuth in Frameworks */,
			);
			runOnlyForDeploymentPostprocessing = 0;
		};
/* End PBXFrameworksBuildPhase section */

/* Begin PBXGroup section */
		324E1EB22B067A8D00E57028 /* Presentation View */ = {
			isa = PBXGroup;
			children = (
				324E1EB02B06793400E57028 /* PresentationView.swift */,
				324E1ECB2B06BF2D00E57028 /* FlagRaisingLeaderboardPresentationView.swift */,
				324E1EB52B067AC300E57028 /* ActivityTitlePresentationView.swift */,
				324E1EB72B067BC900E57028 /* SectionPresentationView.swift */,
				324E1EB92B067C9500E57028 /* PointersPresentationView.swift */,
				324E1EBB2B067E7600E57028 /* StatementPresentationView.swift */,
				324E1ECD2B06EFAA00E57028 /* ReviewPresentationView.swift */,
				324E1ECF2B06F25800E57028 /* ReviewPresentationGroupView.swift */,
				324E1EBF2B068C4200E57028 /* ImagePresentationView.swift */,
				324E1EC42B06ADC600E57028 /* TimerPresentationView.swift */,
				324E1EC62B06B69E00E57028 /* WordsPresentationView.swift */,
			);
			path = "Presentation View";
			sourceTree = "<group>";
		};
		324E1EC12B06914900E57028 /* Dashboard Views */ = {
			isa = PBXGroup;
			children = (
				32F84EAD2B01E6D00068BFE6 /* DashboardView.swift */,
				327129D92B03E794001CE562 /* ActivitySceneDashboardView.swift */,
				324E1EC22B06944200E57028 /* ActivitySceneDashboardItemButton.swift */,
			);
			path = "Dashboard Views";
			sourceTree = "<group>";
		};
		32F84E9F2B01E6D00068BFE6 = {
			isa = PBXGroup;
			children = (
				32F84EAA2B01E6D00068BFE6 /* sacc-activity */,
				32F84EA92B01E6D00068BFE6 /* Products */,
			);
			sourceTree = "<group>";
		};
		32F84EA92B01E6D00068BFE6 /* Products */ = {
			isa = PBXGroup;
			children = (
				32F84EA82B01E6D00068BFE6 /* sacc-activity.app */,
			);
			name = Products;
			sourceTree = "<group>";
		};
		32F84EAA2B01E6D00068BFE6 /* sacc-activity */ = {
			isa = PBXGroup;
			children = (
				32F84EAB2B01E6D00068BFE6 /* sacc_activityApp.swift */,
				324E1EB22B067A8D00E57028 /* Presentation View */,
				324E1EC12B06914900E57028 /* Dashboard Views */,
				327129DB2B03E8D1001CE562 /* SceneState.swift */,
				327129CD2B025826001CE562 /* DiscordInfo.swift */,
				327129CB2B025614001CE562 /* DiscordManager.swift */,
				327129CF2B025CBE001CE562 /* DiscordManager+SlashCommands.swift */,
				327129D12B03DADC001CE562 /* ActivityScene.swift */,
				324E1EBD2B067F6600E57028 /* WelcomeActivityScene.swift */,
				327129D32B03DC43001CE562 /* FlagCreationActivityScene.swift */,
				327129D52B03DC82001CE562 /* AppIdeaActivityScene.swift */,
				327129D72B03DCD7001CE562 /* TriviaActivityScene.swift */,
				327129C92B0255D5001CE562 /* Discord.plist */,
				32F84EAF2B01E6D10068BFE6 /* Assets.xcassets */,
				32F84EB42B01E6D10068BFE6 /* sacc_activity.entitlements */,
				32F84EB12B01E6D10068BFE6 /* Preview Content */,
			);
			path = "sacc-activity";
			sourceTree = "<group>";
		};
		32F84EB12B01E6D10068BFE6 /* Preview Content */ = {
			isa = PBXGroup;
			children = (
				32F84EB22B01E6D10068BFE6 /* Preview Assets.xcassets */,
			);
			path = "Preview Content";
			sourceTree = "<group>";
		};
/* End PBXGroup section */

/* Begin PBXNativeTarget section */
		32F84EA72B01E6D00068BFE6 /* sacc-activity */ = {
			isa = PBXNativeTarget;
			buildConfigurationList = 32F84EB72B01E6D10068BFE6 /* Build configuration list for PBXNativeTarget "sacc-activity" */;
			buildPhases = (
				32F84EA42B01E6D00068BFE6 /* Sources */,
				32F84EA52B01E6D00068BFE6 /* Frameworks */,
				32F84EA62B01E6D00068BFE6 /* Resources */,
			);
			buildRules = (
			);
			dependencies = (
			);
			name = "sacc-activity";
			packageProductDependencies = (
				327129BB2B0255BA001CE562 /* DiscordAuth */,
				327129BD2B0255BA001CE562 /* DiscordBM */,
				327129BF2B0255BA001CE562 /* DiscordCore */,
				327129C12B0255BA001CE562 /* DiscordGateway */,
				327129C32B0255BA001CE562 /* DiscordHTTP */,
				327129C52B0255BA001CE562 /* DiscordModels */,
				327129C72B0255BA001CE562 /* DiscordUtilities */,
				324E1EC92B06B84300E57028 /* Algorithms */,
			);
			productName = "sacc-activity";
			productReference = 32F84EA82B01E6D00068BFE6 /* sacc-activity.app */;
			productType = "com.apple.product-type.application";
		};
/* End PBXNativeTarget section */

/* Begin PBXProject section */
		32F84EA02B01E6D00068BFE6 /* Project object */ = {
			isa = PBXProject;
			attributes = {
				BuildIndependentTargetsInParallel = 1;
				LastSwiftUpdateCheck = 1500;
				LastUpgradeCheck = 1500;
				TargetAttributes = {
					32F84EA72B01E6D00068BFE6 = {
						CreatedOnToolsVersion = 15.0;
					};
				};
			};
			buildConfigurationList = 32F84EA32B01E6D00068BFE6 /* Build configuration list for PBXProject "sacc-activity" */;
			compatibilityVersion = "Xcode 14.0";
			developmentRegion = en;
			hasScannedForEncodings = 0;
			knownRegions = (
				en,
				Base,
			);
			mainGroup = 32F84E9F2B01E6D00068BFE6;
			packageReferences = (
				327129BA2B0255BA001CE562 /* XCRemoteSwiftPackageReference "DiscordBM" */,
				324E1EC82B06B84300E57028 /* XCRemoteSwiftPackageReference "swift-algorithms" */,
			);
			productRefGroup = 32F84EA92B01E6D00068BFE6 /* Products */;
			projectDirPath = "";
			projectRoot = "";
			targets = (
				32F84EA72B01E6D00068BFE6 /* sacc-activity */,
			);
		};
/* End PBXProject section */

/* Begin PBXResourcesBuildPhase section */
		32F84EA62B01E6D00068BFE6 /* Resources */ = {
			isa = PBXResourcesBuildPhase;
			buildActionMask = 2147483647;
			files = (
				327129CA2B0255D5001CE562 /* Discord.plist in Resources */,
				32F84EB32B01E6D10068BFE6 /* Preview Assets.xcassets in Resources */,
				32F84EB02B01E6D10068BFE6 /* Assets.xcassets in Resources */,
			);
			runOnlyForDeploymentPostprocessing = 0;
		};
/* End PBXResourcesBuildPhase section */

/* Begin PBXSourcesBuildPhase section */
		32F84EA42B01E6D00068BFE6 /* Sources */ = {
			isa = PBXSourcesBuildPhase;
			buildActionMask = 2147483647;
			files = (
				324E1EBA2B067C9500E57028 /* PointersPresentationView.swift in Sources */,
				327129DC2B03E8D1001CE562 /* SceneState.swift in Sources */,
				324E1EC52B06ADC600E57028 /* TimerPresentationView.swift in Sources */,
				327129CE2B025826001CE562 /* DiscordInfo.swift in Sources */,
				327129D22B03DADC001CE562 /* ActivityScene.swift in Sources */,
				324E1EC32B06944200E57028 /* ActivitySceneDashboardItemButton.swift in Sources */,
				324E1ED02B06F25800E57028 /* ReviewPresentationGroupView.swift in Sources */,
				327129DA2B03E794001CE562 /* ActivitySceneDashboardView.swift in Sources */,
				327129D02B025CBE001CE562 /* DiscordManager+SlashCommands.swift in Sources */,
				324E1EBC2B067E7600E57028 /* StatementPresentationView.swift in Sources */,
				327129CC2B025614001CE562 /* DiscordManager.swift in Sources */,
				327129D62B03DC82001CE562 /* AppIdeaActivityScene.swift in Sources */,
				32F84EAE2B01E6D00068BFE6 /* DashboardView.swift in Sources */,
				324E1EB82B067BC900E57028 /* SectionPresentationView.swift in Sources */,
				324E1EC72B06B69E00E57028 /* WordsPresentationView.swift in Sources */,
				324E1EB62B067AC300E57028 /* ActivityTitlePresentationView.swift in Sources */,
				324E1EB12B06793400E57028 /* PresentationView.swift in Sources */,
				327129D42B03DC43001CE562 /* FlagCreationActivityScene.swift in Sources */,
				327129D82B03DCD7001CE562 /* TriviaActivityScene.swift in Sources */,
				324E1ECE2B06EFAA00E57028 /* ReviewPresentationView.swift in Sources */,
				324E1ECC2B06BF2D00E57028 /* FlagRaisingLeaderboardPresentationView.swift in Sources */,
				32F84EAC2B01E6D00068BFE6 /* sacc_activityApp.swift in Sources */,
				324E1EC02B068C4200E57028 /* ImagePresentationView.swift in Sources */,
				324E1EBE2B067F6600E57028 /* WelcomeActivityScene.swift in Sources */,
			);
			runOnlyForDeploymentPostprocessing = 0;
		};
/* End PBXSourcesBuildPhase section */

/* Begin XCBuildConfiguration section */
		32F84EB52B01E6D10068BFE6 /* Debug */ = {
			isa = XCBuildConfiguration;
			buildSettings = {
				ALWAYS_SEARCH_USER_PATHS = NO;
				ASSETCATALOG_COMPILER_GENERATE_SWIFT_ASSET_SYMBOL_EXTENSIONS = YES;
				CLANG_ANALYZER_NONNULL = YES;
				CLANG_ANALYZER_NUMBER_OBJECT_CONVERSION = YES_AGGRESSIVE;
				CLANG_CXX_LANGUAGE_STANDARD = "gnu++20";
				CLANG_ENABLE_MODULES = YES;
				CLANG_ENABLE_OBJC_ARC = YES;
				CLANG_ENABLE_OBJC_WEAK = YES;
				CLANG_WARN_BLOCK_CAPTURE_AUTORELEASING = YES;
				CLANG_WARN_BOOL_CONVERSION = YES;
				CLANG_WARN_COMMA = YES;
				CLANG_WARN_CONSTANT_CONVERSION = YES;
				CLANG_WARN_DEPRECATED_OBJC_IMPLEMENTATIONS = YES;
				CLANG_WARN_DIRECT_OBJC_ISA_USAGE = YES_ERROR;
				CLANG_WARN_DOCUMENTATION_COMMENTS = YES;
				CLANG_WARN_EMPTY_BODY = YES;
				CLANG_WARN_ENUM_CONVERSION = YES;
				CLANG_WARN_INFINITE_RECURSION = YES;
				CLANG_WARN_INT_CONVERSION = YES;
				CLANG_WARN_NON_LITERAL_NULL_CONVERSION = YES;
				CLANG_WARN_OBJC_IMPLICIT_RETAIN_SELF = YES;
				CLANG_WARN_OBJC_LITERAL_CONVERSION = YES;
				CLANG_WARN_OBJC_ROOT_CLASS = YES_ERROR;
				CLANG_WARN_QUOTED_INCLUDE_IN_FRAMEWORK_HEADER = YES;
				CLANG_WARN_RANGE_LOOP_ANALYSIS = YES;
				CLANG_WARN_STRICT_PROTOTYPES = YES;
				CLANG_WARN_SUSPICIOUS_MOVE = YES;
				CLANG_WARN_UNGUARDED_AVAILABILITY = YES_AGGRESSIVE;
				CLANG_WARN_UNREACHABLE_CODE = YES;
				CLANG_WARN__DUPLICATE_METHOD_MATCH = YES;
				COPY_PHASE_STRIP = NO;
				DEBUG_INFORMATION_FORMAT = dwarf;
				ENABLE_STRICT_OBJC_MSGSEND = YES;
				ENABLE_TESTABILITY = YES;
				ENABLE_USER_SCRIPT_SANDBOXING = YES;
				GCC_C_LANGUAGE_STANDARD = gnu17;
				GCC_DYNAMIC_NO_PIC = NO;
				GCC_NO_COMMON_BLOCKS = YES;
				GCC_OPTIMIZATION_LEVEL = 0;
				GCC_PREPROCESSOR_DEFINITIONS = (
					"DEBUG=1",
					"$(inherited)",
				);
				GCC_WARN_64_TO_32_BIT_CONVERSION = YES;
				GCC_WARN_ABOUT_RETURN_TYPE = YES_ERROR;
				GCC_WARN_UNDECLARED_SELECTOR = YES;
				GCC_WARN_UNINITIALIZED_AUTOS = YES_AGGRESSIVE;
				GCC_WARN_UNUSED_FUNCTION = YES;
				GCC_WARN_UNUSED_VARIABLE = YES;
				LOCALIZATION_PREFERS_STRING_CATALOGS = YES;
				MACOSX_DEPLOYMENT_TARGET = 14.0;
				MTL_ENABLE_DEBUG_INFO = INCLUDE_SOURCE;
				MTL_FAST_MATH = YES;
				ONLY_ACTIVE_ARCH = YES;
				SDKROOT = macosx;
				SWIFT_ACTIVE_COMPILATION_CONDITIONS = "DEBUG $(inherited)";
				SWIFT_OPTIMIZATION_LEVEL = "-Onone";
			};
			name = Debug;
		};
		32F84EB62B01E6D10068BFE6 /* Release */ = {
			isa = XCBuildConfiguration;
			buildSettings = {
				ALWAYS_SEARCH_USER_PATHS = NO;
				ASSETCATALOG_COMPILER_GENERATE_SWIFT_ASSET_SYMBOL_EXTENSIONS = YES;
				CLANG_ANALYZER_NONNULL = YES;
				CLANG_ANALYZER_NUMBER_OBJECT_CONVERSION = YES_AGGRESSIVE;
				CLANG_CXX_LANGUAGE_STANDARD = "gnu++20";
				CLANG_ENABLE_MODULES = YES;
				CLANG_ENABLE_OBJC_ARC = YES;
				CLANG_ENABLE_OBJC_WEAK = YES;
				CLANG_WARN_BLOCK_CAPTURE_AUTORELEASING = YES;
				CLANG_WARN_BOOL_CONVERSION = YES;
				CLANG_WARN_COMMA = YES;
				CLANG_WARN_CONSTANT_CONVERSION = YES;
				CLANG_WARN_DEPRECATED_OBJC_IMPLEMENTATIONS = YES;
				CLANG_WARN_DIRECT_OBJC_ISA_USAGE = YES_ERROR;
				CLANG_WARN_DOCUMENTATION_COMMENTS = YES;
				CLANG_WARN_EMPTY_BODY = YES;
				CLANG_WARN_ENUM_CONVERSION = YES;
				CLANG_WARN_INFINITE_RECURSION = YES;
				CLANG_WARN_INT_CONVERSION = YES;
				CLANG_WARN_NON_LITERAL_NULL_CONVERSION = YES;
				CLANG_WARN_OBJC_IMPLICIT_RETAIN_SELF = YES;
				CLANG_WARN_OBJC_LITERAL_CONVERSION = YES;
				CLANG_WARN_OBJC_ROOT_CLASS = YES_ERROR;
				CLANG_WARN_QUOTED_INCLUDE_IN_FRAMEWORK_HEADER = YES;
				CLANG_WARN_RANGE_LOOP_ANALYSIS = YES;
				CLANG_WARN_STRICT_PROTOTYPES = YES;
				CLANG_WARN_SUSPICIOUS_MOVE = YES;
				CLANG_WARN_UNGUARDED_AVAILABILITY = YES_AGGRESSIVE;
				CLANG_WARN_UNREACHABLE_CODE = YES;
				CLANG_WARN__DUPLICATE_METHOD_MATCH = YES;
				COPY_PHASE_STRIP = NO;
				DEBUG_INFORMATION_FORMAT = "dwarf-with-dsym";
				ENABLE_NS_ASSERTIONS = NO;
				ENABLE_STRICT_OBJC_MSGSEND = YES;
				ENABLE_USER_SCRIPT_SANDBOXING = YES;
				GCC_C_LANGUAGE_STANDARD = gnu17;
				GCC_NO_COMMON_BLOCKS = YES;
				GCC_WARN_64_TO_32_BIT_CONVERSION = YES;
				GCC_WARN_ABOUT_RETURN_TYPE = YES_ERROR;
				GCC_WARN_UNDECLARED_SELECTOR = YES;
				GCC_WARN_UNINITIALIZED_AUTOS = YES_AGGRESSIVE;
				GCC_WARN_UNUSED_FUNCTION = YES;
				GCC_WARN_UNUSED_VARIABLE = YES;
				LOCALIZATION_PREFERS_STRING_CATALOGS = YES;
				MACOSX_DEPLOYMENT_TARGET = 14.0;
				MTL_ENABLE_DEBUG_INFO = NO;
				MTL_FAST_MATH = YES;
				SDKROOT = macosx;
				SWIFT_COMPILATION_MODE = wholemodule;
			};
			name = Release;
		};
		32F84EB82B01E6D10068BFE6 /* Debug */ = {
			isa = XCBuildConfiguration;
			buildSettings = {
				ASSETCATALOG_COMPILER_APPICON_NAME = AppIcon;
				ASSETCATALOG_COMPILER_GLOBAL_ACCENT_COLOR_NAME = AccentColor;
				CODE_SIGN_ENTITLEMENTS = "sacc-activity/sacc_activity.entitlements";
				CODE_SIGN_STYLE = Automatic;
				COMBINE_HIDPI_IMAGES = YES;
				CURRENT_PROJECT_VERSION = 1;
				DEVELOPMENT_ASSET_PATHS = "\"sacc-activity/Preview Content\"";
				DEVELOPMENT_TEAM = W2HPZZH84P;
				ENABLE_HARDENED_RUNTIME = YES;
				ENABLE_PREVIEWS = YES;
				GENERATE_INFOPLIST_FILE = YES;
				INFOPLIST_KEY_NSHumanReadableCopyright = "";
				LD_RUNPATH_SEARCH_PATHS = (
					"$(inherited)",
					"@executable_path/../Frameworks",
				);
				MARKETING_VERSION = 1.0;
				PRODUCT_BUNDLE_IDENTIFIER = "app.jiachen.sacc-activity";
				PRODUCT_NAME = "$(TARGET_NAME)";
				SWIFT_EMIT_LOC_STRINGS = YES;
				SWIFT_VERSION = 5.0;
			};
			name = Debug;
		};
		32F84EB92B01E6D10068BFE6 /* Release */ = {
			isa = XCBuildConfiguration;
			buildSettings = {
				ASSETCATALOG_COMPILER_APPICON_NAME = AppIcon;
				ASSETCATALOG_COMPILER_GLOBAL_ACCENT_COLOR_NAME = AccentColor;
				CODE_SIGN_ENTITLEMENTS = "sacc-activity/sacc_activity.entitlements";
				CODE_SIGN_STYLE = Automatic;
				COMBINE_HIDPI_IMAGES = YES;
				CURRENT_PROJECT_VERSION = 1;
				DEVELOPMENT_ASSET_PATHS = "\"sacc-activity/Preview Content\"";
				DEVELOPMENT_TEAM = W2HPZZH84P;
				ENABLE_HARDENED_RUNTIME = YES;
				ENABLE_PREVIEWS = YES;
				GENERATE_INFOPLIST_FILE = YES;
				INFOPLIST_KEY_NSHumanReadableCopyright = "";
				LD_RUNPATH_SEARCH_PATHS = (
					"$(inherited)",
					"@executable_path/../Frameworks",
				);
				MARKETING_VERSION = 1.0;
				PRODUCT_BUNDLE_IDENTIFIER = "app.jiachen.sacc-activity";
				PRODUCT_NAME = "$(TARGET_NAME)";
				SWIFT_EMIT_LOC_STRINGS = YES;
				SWIFT_VERSION = 5.0;
			};
			name = Release;
		};
/* End XCBuildConfiguration section */

/* Begin XCConfigurationList section */
		32F84EA32B01E6D00068BFE6 /* Build configuration list for PBXProject "sacc-activity" */ = {
			isa = XCConfigurationList;
			buildConfigurations = (
				32F84EB52B01E6D10068BFE6 /* Debug */,
				32F84EB62B01E6D10068BFE6 /* Release */,
			);
			defaultConfigurationIsVisible = 0;
			defaultConfigurationName = Release;
		};
		32F84EB72B01E6D10068BFE6 /* Build configuration list for PBXNativeTarget "sacc-activity" */ = {
			isa = XCConfigurationList;
			buildConfigurations = (
				32F84EB82B01E6D10068BFE6 /* Debug */,
				32F84EB92B01E6D10068BFE6 /* Release */,
			);
			defaultConfigurationIsVisible = 0;
			defaultConfigurationName = Release;
		};
/* End XCConfigurationList section */

/* Begin XCRemoteSwiftPackageReference section */
		324E1EC82B06B84300E57028 /* XCRemoteSwiftPackageReference "swift-algorithms" */ = {
			isa = XCRemoteSwiftPackageReference;
			repositoryURL = "https://github.com/apple/swift-algorithms.git";
			requirement = {
				kind = upToNextMajorVersion;
				minimumVersion = 1.2.0;
			};
		};
		327129BA2B0255BA001CE562 /* XCRemoteSwiftPackageReference "DiscordBM" */ = {
			isa = XCRemoteSwiftPackageReference;
			repositoryURL = "https://github.com/DiscordBM/DiscordBM";
			requirement = {
				branch = main;
				kind = branch;
			};
		};
/* End XCRemoteSwiftPackageReference section */

/* Begin XCSwiftPackageProductDependency section */
		324E1EC92B06B84300E57028 /* Algorithms */ = {
			isa = XCSwiftPackageProductDependency;
			package = 324E1EC82B06B84300E57028 /* XCRemoteSwiftPackageReference "swift-algorithms" */;
			productName = Algorithms;
		};
		327129BB2B0255BA001CE562 /* DiscordAuth */ = {
			isa = XCSwiftPackageProductDependency;
			package = 327129BA2B0255BA001CE562 /* XCRemoteSwiftPackageReference "DiscordBM" */;
			productName = DiscordAuth;
		};
		327129BD2B0255BA001CE562 /* DiscordBM */ = {
			isa = XCSwiftPackageProductDependency;
			package = 327129BA2B0255BA001CE562 /* XCRemoteSwiftPackageReference "DiscordBM" */;
			productName = DiscordBM;
		};
		327129BF2B0255BA001CE562 /* DiscordCore */ = {
			isa = XCSwiftPackageProductDependency;
			package = 327129BA2B0255BA001CE562 /* XCRemoteSwiftPackageReference "DiscordBM" */;
			productName = DiscordCore;
		};
		327129C12B0255BA001CE562 /* DiscordGateway */ = {
			isa = XCSwiftPackageProductDependency;
			package = 327129BA2B0255BA001CE562 /* XCRemoteSwiftPackageReference "DiscordBM" */;
			productName = DiscordGateway;
		};
		327129C32B0255BA001CE562 /* DiscordHTTP */ = {
			isa = XCSwiftPackageProductDependency;
			package = 327129BA2B0255BA001CE562 /* XCRemoteSwiftPackageReference "DiscordBM" */;
			productName = DiscordHTTP;
		};
		327129C52B0255BA001CE562 /* DiscordModels */ = {
			isa = XCSwiftPackageProductDependency;
			package = 327129BA2B0255BA001CE562 /* XCRemoteSwiftPackageReference "DiscordBM" */;
			productName = DiscordModels;
		};
		327129C72B0255BA001CE562 /* DiscordUtilities */ = {
			isa = XCSwiftPackageProductDependency;
			package = 327129BA2B0255BA001CE562 /* XCRemoteSwiftPackageReference "DiscordBM" */;
			productName = DiscordUtilities;
		};
/* End XCSwiftPackageProductDependency section */
	};
	rootObject = 32F84EA02B01E6D00068BFE6 /* Project object */;
}
